
Microsoft Visual Studio Solution File, Format Version 12.00
# Visual Studio Version 16
VisualStudioVersion = 16.0.28803.452
MinimumVisualStudioVersion = 10.0.40219.1
Project("{FAE04EC0-301F-11D3-BF4B-00C04F79EFBC}") = "Encrypt", "Encrypt\Encrypt.csproj", "{D1CB3116-080A-4936-BEEF-649E2CC59A73}"
EndProject
Global
	GlobalSection(SolutionConfigurationPlatforms) = preSolution
		Debug|Any CPU = Debug|Any CPU
		Release|Any CPU = Release|Any CPU
	EndGlobalSection
	GlobalSection(ProjectConfigurationPlatforms) = postSolution
		{D1CB3116-080A-4936-BEEF-649E2CC59A73}.Debug|Any CPU.ActiveCfg = Debug|Any CPU
		{D1CB3116-080A-4936-BEEF-649E2CC59A73}.Debug|Any CPU.Build.0 = Debug|Any CPU
		{D1CB3116-080A-4936-BEEF-649E2CC59A73}.Release|Any CPU.ActiveCfg = Release|Any CPU
		{D1CB3116-080A-4936-BEEF-649E2CC59A73}.Release|Any CPU.Build.0 = Release|Any CPU
	EndGlobalSection
	GlobalSection(SolutionProperties) = preSolution
		HideSolutionNode = FALSE
	EndGlobalSection
	GlobalSection(ExtensibilityGlobals) = postSolution
		SolutionGuid = {7DE1361E-88CF-4F89-A414-916CC3B008B7}
	EndGlobalSection
EndGlobal
